
Microsoft Visual Studio Solution File, Format Version 12.00
# Visual Studio Version 17
VisualStudioVersion = 17.4.33213.308
MinimumVisualStudioVersion = 10.0.40219.1
Project("{FAE04EC0-301F-11D3-BF4B-00C04F79EFBC}") = "ExamenU2_DGGR", "ExamenU2_DGGR.csproj", "{CF799250-95C2-46B3-A98F-1A1908BE7CB6}"
EndProject
Global
	GlobalSection(SolutionConfigurationPlatforms) = preSolution
		Debug|Any CPU = Debug|Any CPU
		Release|Any CPU = Release|Any CPU
	EndGlobalSection
	GlobalSection(ProjectConfigurationPlatforms) = postSolution
		{CF799250-95C2-46B3-A98F-1A1908BE7CB6}.Debug|Any CPU.ActiveCfg = Debug|Any CPU
		{CF799250-95C2-46B3-A98F-1A1908BE7CB6}.Debug|Any CPU.Build.0 = Debug|Any CPU
		{CF799250-95C2-46B3-A98F-1A1908BE7CB6}.Release|Any CPU.ActiveCfg = Release|Any CPU
		{CF799250-95C2-46B3-A98F-1A1908BE7CB6}.Release|Any CPU.Build.0 = Release|Any CPU
	EndGlobalSection
	GlobalSection(SolutionProperties) = preSolution
		HideSolutionNode = FALSE
	EndGlobalSection
	GlobalSection(ExtensibilityGlobals) = postSolution
		SolutionGuid = {12CB1131-ACE7-4128-8E2E-C7A61F498D21}
	EndGlobalSection
EndGlobal
